
Microsoft Visual Studio Solution File, Format Version 12.00
# Visual Studio Version 16
VisualStudioVersion = 16.0.29209.62
MinimumVisualStudioVersion = 10.0.40219.1
Project("{FAE04EC0-301F-11D3-BF4B-00C04F79EFBC}") = "test.Android", "test.Android\test.Android.csproj", "{85A33A93-8B21-4C61-A165-6ABF68681F54}"
EndProject
Project("{FAE04EC0-301F-11D3-BF4B-00C04F79EFBC}") = "test", "test\test.csproj", "{D6C052D9-FAE7-41B4-A47F-27ED2F0D9883}"
EndProject
Global
	GlobalSection(SolutionConfigurationPlatforms) = preSolution
		Debug|Any CPU = Debug|Any CPU
		Release|Any CPU = Release|Any CPU
	EndGlobalSection
	GlobalSection(ProjectConfigurationPlatforms) = postSolution
		{85A33A93-8B21-4C61-A165-6ABF68681F54}.Debug|Any CPU.ActiveCfg = Debug|Any CPU
		{85A33A93-8B21-4C61-A165-6ABF68681F54}.Debug|Any CPU.Build.0 = Debug|Any CPU
		{85A33A93-8B21-4C61-A165-6ABF68681F54}.Debug|Any CPU.Deploy.0 = Debug|Any CPU
		{85A33A93-8B21-4C61-A165-6ABF68681F54}.Release|Any CPU.ActiveCfg = Release|Any CPU
		{85A33A93-8B21-4C61-A165-6ABF68681F54}.Release|Any CPU.Build.0 = Release|Any CPU
		{85A33A93-8B21-4C61-A165-6ABF68681F54}.Release|Any CPU.Deploy.0 = Release|Any CPU
		{D6C052D9-FAE7-41B4-A47F-27ED2F0D9883}.Debug|Any CPU.ActiveCfg = Debug|Any CPU
		{D6C052D9-FAE7-41B4-A47F-27ED2F0D9883}.Debug|Any CPU.Build.0 = Debug|Any CPU
		{D6C052D9-FAE7-41B4-A47F-27ED2F0D9883}.Debug|Any CPU.Deploy.0 = Debug|Any CPU
		{D6C052D9-FAE7-41B4-A47F-27ED2F0D9883}.Release|Any CPU.ActiveCfg = Release|Any CPU
		{D6C052D9-FAE7-41B4-A47F-27ED2F0D9883}.Release|Any CPU.Build.0 = Release|Any CPU
		{D6C052D9-FAE7-41B4-A47F-27ED2F0D9883}.Release|Any CPU.Deploy.0 = Release|Any CPU
	EndGlobalSection
	GlobalSection(SolutionProperties) = preSolution
		HideSolutionNode = FALSE
	EndGlobalSection
	GlobalSection(ExtensibilityGlobals) = postSolution
		SolutionGuid = {D0824929-7827-499E-9E3E-86C1D3BBEE3A}
	EndGlobalSection
EndGlobal
